
Microsoft Visual Studio Solution File, Format Version 11.00
# Visual Studio 2010
Project("{FAE04EC0-301F-11D3-BF4B-00C04F79EFBC}") = "Assembly-CSharp", "Assembly-CSharp.csproj", "{FE2CB820-96F6-D311-0842-D7BB434FE7E0}"
EndProject
Project("{FAE04EC0-301F-11D3-BF4B-00C04F79EFBC}") = "Assembly-CSharp-Editor", "Assembly-CSharp-Editor.csproj", "{4E62BF61-6C28-2D27-68F7-42528D1A75FB}"
EndProject
Global
	GlobalSection(SolutionConfigurationPlatforms) = preSolution
		Debug|Any CPU = Debug|Any CPU
		Release|Any CPU = Release|Any CPU
	EndGlobalSection
	GlobalSection(ProjectConfigurationPlatforms) = postSolution
		{FE2CB820-96F6-D311-0842-D7BB434FE7E0}.Debug|Any CPU.ActiveCfg = Debug|Any CPU
		{FE2CB820-96F6-D311-0842-D7BB434FE7E0}.Debug|Any CPU.Build.0 = Debug|Any CPU
		{FE2CB820-96F6-D311-0842-D7BB434FE7E0}.Release|Any CPU.ActiveCfg = Release|Any CPU
		{FE2CB820-96F6-D311-0842-D7BB434FE7E0}.Release|Any CPU.Build.0 = Release|Any CPU
		{4E62BF61-6C28-2D27-68F7-42528D1A75FB}.Debug|Any CPU.ActiveCfg = Debug|Any CPU
		{4E62BF61-6C28-2D27-68F7-42528D1A75FB}.Debug|Any CPU.Build.0 = Debug|Any CPU
		{4E62BF61-6C28-2D27-68F7-42528D1A75FB}.Release|Any CPU.ActiveCfg = Release|Any CPU
		{4E62BF61-6C28-2D27-68F7-42528D1A75FB}.Release|Any CPU.Build.0 = Release|Any CPU
	EndGlobalSection
	GlobalSection(SolutionProperties) = preSolution
		HideSolutionNode = FALSE
	EndGlobalSection
EndGlobal
